
Microsoft Visual Studio Solution File, Format Version 9.00
# Visual C++ Express 2005
Project("{8BC9CEB8-8B4A-11D0-8D11-00A0C91BC942}") = "projectDOF", "projectDOF.vcproj", "{2F77CEAD-9B46-449A-9EE3-5E98CD500394}"
EndProject
Global
	GlobalSection(SolutionConfigurationPlatforms) = preSolution
		Debug|Win32 = Debug|Win32
		Release|Win32 = Release|Win32
	EndGlobalSection
	GlobalSection(ProjectConfigurationPlatforms) = postSolution
		{2F77CEAD-9B46-449A-9EE3-5E98CD500394}.Debug|Win32.ActiveCfg = Debug|Win32
		{2F77CEAD-9B46-449A-9EE3-5E98CD500394}.Debug|Win32.Build.0 = Debug|Win32
		{2F77CEAD-9B46-449A-9EE3-5E98CD500394}.Release|Win32.ActiveCfg = Release|Win32
		{2F77CEAD-9B46-449A-9EE3-5E98CD500394}.Release|Win32.Build.0 = Release|Win32
	EndGlobalSection
	GlobalSection(SolutionProperties) = preSolution
		HideSolutionNode = FALSE
	EndGlobalSection
EndGlobal
